
Microsoft Visual Studio Solution File, Format Version 12.00
# Visual Studio Version 17
VisualStudioVersion = 17.5.002.0
MinimumVisualStudioVersion = 10.0.40219.1
Project("{2150E333-8FDC-42A3-9474-1A3956D46DE8}") = "package", "package", "{5A0EE25A-E478-45AA-B209-E1B746E4C911}"
EndProject
Project("{2150E333-8FDC-42A3-9474-1A3956D46DE8}") = "exercise1", "exercise1", "{F993CD8D-6ACC-4FD0-962E-3D3E0933076D}"
EndProject
Project("{9A19103F-16F7-4668-BE54-9A1E7A4F7556}") = "StargateAPI", "package\exercise1\api\StargateAPI.csproj", "{77F099B6-FF7A-4364-BE8B-2B3DA0B564FF}"
EndProject
Project("{FAE04EC0-301F-11D3-BF4B-00C04F79EFBC}") = "apiTests", "package\exercise1\apiTests\apiTests.csproj", "{85BCF59F-E0D4-4409-BA55-3B889F0E379F}"
EndProject
Global
	GlobalSection(SolutionConfigurationPlatforms) = preSolution
		Debug|Any CPU = Debug|Any CPU
		Release|Any CPU = Release|Any CPU
	EndGlobalSection
	GlobalSection(ProjectConfigurationPlatforms) = postSolution
		{77F099B6-FF7A-4364-BE8B-2B3DA0B564FF}.Debug|Any CPU.ActiveCfg = Debug|Any CPU
		{77F099B6-FF7A-4364-BE8B-2B3DA0B564FF}.Debug|Any CPU.Build.0 = Debug|Any CPU
		{77F099B6-FF7A-4364-BE8B-2B3DA0B564FF}.Release|Any CPU.ActiveCfg = Release|Any CPU
		{77F099B6-FF7A-4364-BE8B-2B3DA0B564FF}.Release|Any CPU.Build.0 = Release|Any CPU
		{85BCF59F-E0D4-4409-BA55-3B889F0E379F}.Debug|Any CPU.ActiveCfg = Debug|Any CPU
		{85BCF59F-E0D4-4409-BA55-3B889F0E379F}.Debug|Any CPU.Build.0 = Debug|Any CPU
		{85BCF59F-E0D4-4409-BA55-3B889F0E379F}.Release|Any CPU.ActiveCfg = Release|Any CPU
		{85BCF59F-E0D4-4409-BA55-3B889F0E379F}.Release|Any CPU.Build.0 = Release|Any CPU
	EndGlobalSection
	GlobalSection(SolutionProperties) = preSolution
		HideSolutionNode = FALSE
	EndGlobalSection
	GlobalSection(NestedProjects) = preSolution
		{F993CD8D-6ACC-4FD0-962E-3D3E0933076D} = {5A0EE25A-E478-45AA-B209-E1B746E4C911}
		{77F099B6-FF7A-4364-BE8B-2B3DA0B564FF} = {F993CD8D-6ACC-4FD0-962E-3D3E0933076D}
		{85BCF59F-E0D4-4409-BA55-3B889F0E379F} = {F993CD8D-6ACC-4FD0-962E-3D3E0933076D}
	EndGlobalSection
	GlobalSection(ExtensibilityGlobals) = postSolution
		SolutionGuid = {80755566-59E1-477F-B86D-018C16932C4C}
	EndGlobalSection
EndGlobal
